
Microsoft Visual Studio Solution File, Format Version 12.00
# Visual Studio Express 2013 for Windows Desktop
VisualStudioVersion = 12.0.40629.0
MinimumVisualStudioVersion = 10.0.40219.1
Project("{8BC9CEB8-8B4A-11D0-8D11-00A0C91BC942}") = "Data_Structures", "Data_Structures\Data_Structures.vcxproj", "{30D3076E-6454-4E14-A0A9-92259A3D8269}"
EndProject
Global
	GlobalSection(SolutionConfigurationPlatforms) = preSolution
		Debug|Win32 = Debug|Win32
		Release|Win32 = Release|Win32
	EndGlobalSection
	GlobalSection(ProjectConfigurationPlatforms) = postSolution
		{30D3076E-6454-4E14-A0A9-92259A3D8269}.Debug|Win32.ActiveCfg = Debug|Win32
		{30D3076E-6454-4E14-A0A9-92259A3D8269}.Debug|Win32.Build.0 = Debug|Win32
		{30D3076E-6454-4E14-A0A9-92259A3D8269}.Release|Win32.ActiveCfg = Release|Win32
		{30D3076E-6454-4E14-A0A9-92259A3D8269}.Release|Win32.Build.0 = Release|Win32
	EndGlobalSection
	GlobalSection(SolutionProperties) = preSolution
		HideSolutionNode = FALSE
	EndGlobalSection
EndGlobal
